
Microsoft Visual Studio Solution File, Format Version 12.00
# Visual Studio Version 16
VisualStudioVersion = 16.0.30907.101
MinimumVisualStudioVersion = 10.0.40219.1
Project("{FAE04EC0-301F-11D3-BF4B-00C04F79EFBC}") = "ThreadTest", "ThreadTest\ThreadTest.csproj", "{849AAF84-AF9C-4671-BFDD-DBD00E02652F}"
EndProject
Global
	GlobalSection(SolutionConfigurationPlatforms) = preSolution
		Debug|Any CPU = Debug|Any CPU
		Release|Any CPU = Release|Any CPU
	EndGlobalSection
	GlobalSection(ProjectConfigurationPlatforms) = postSolution
		{849AAF84-AF9C-4671-BFDD-DBD00E02652F}.Debug|Any CPU.ActiveCfg = Debug|Any CPU
		{849AAF84-AF9C-4671-BFDD-DBD00E02652F}.Debug|Any CPU.Build.0 = Debug|Any CPU
		{849AAF84-AF9C-4671-BFDD-DBD00E02652F}.Release|Any CPU.ActiveCfg = Release|Any CPU
		{849AAF84-AF9C-4671-BFDD-DBD00E02652F}.Release|Any CPU.Build.0 = Release|Any CPU
	EndGlobalSection
	GlobalSection(SolutionProperties) = preSolution
		HideSolutionNode = FALSE
	EndGlobalSection
	GlobalSection(ExtensibilityGlobals) = postSolution
		SolutionGuid = {4A7CA1F1-DF64-4E44-A0BD-4F1B4887F9F2}
	EndGlobalSection
EndGlobal
